
Microsoft Visual Studio Solution File, Format Version 12.00
# Visual Studio Version 17
VisualStudioVersion = 17.11.35222.181
MinimumVisualStudioVersion = 10.0.40219.1
Project("{FAE04EC0-301F-11D3-BF4B-00C04F79EFBC}") = "EFDEMO", "EFDEMO\EFDEMO.csproj", "{C8C7F0DF-552B-4EAC-8503-344C83509F51}"
EndProject
Project("{FAE04EC0-301F-11D3-BF4B-00C04F79EFBC}") = "AccesoDatos", "AccesoDatos\AccesoDatos.csproj", "{6AED13EC-3CA2-4A57-BBA5-D0A648566628}"
EndProject
Global
	GlobalSection(SolutionConfigurationPlatforms) = preSolution
		Debug|Any CPU = Debug|Any CPU
		Release|Any CPU = Release|Any CPU
	EndGlobalSection
	GlobalSection(ProjectConfigurationPlatforms) = postSolution
		{C8C7F0DF-552B-4EAC-8503-344C83509F51}.Debug|Any CPU.ActiveCfg = Debug|Any CPU
		{C8C7F0DF-552B-4EAC-8503-344C83509F51}.Debug|Any CPU.Build.0 = Debug|Any CPU
		{C8C7F0DF-552B-4EAC-8503-344C83509F51}.Release|Any CPU.ActiveCfg = Release|Any CPU
		{C8C7F0DF-552B-4EAC-8503-344C83509F51}.Release|Any CPU.Build.0 = Release|Any CPU
		{6AED13EC-3CA2-4A57-BBA5-D0A648566628}.Debug|Any CPU.ActiveCfg = Debug|Any CPU
		{6AED13EC-3CA2-4A57-BBA5-D0A648566628}.Debug|Any CPU.Build.0 = Debug|Any CPU
		{6AED13EC-3CA2-4A57-BBA5-D0A648566628}.Release|Any CPU.ActiveCfg = Release|Any CPU
		{6AED13EC-3CA2-4A57-BBA5-D0A648566628}.Release|Any CPU.Build.0 = Release|Any CPU
	EndGlobalSection
	GlobalSection(SolutionProperties) = preSolution
		HideSolutionNode = FALSE
	EndGlobalSection
	GlobalSection(ExtensibilityGlobals) = postSolution
		SolutionGuid = {6B8ED909-0216-4F38-99CD-5F930ED59A21}
	EndGlobalSection
EndGlobal
